
Microsoft Visual Studio Solution File, Format Version 12.00
# Visual Studio 14
VisualStudioVersion = 14.0.25420.1
MinimumVisualStudioVersion = 10.0.40219.1
Project("{FAE04EC0-301F-11D3-BF4B-00C04F79EFBC}") = "FourthExercise", "FourthExercise\FourthExercise.csproj", "{613701F5-61FD-4D1F-9959-E08FDCD0618B}"
EndProject
Project("{FAE04EC0-301F-11D3-BF4B-00C04F79EFBC}") = "FourthExercise.Models", "FourthExercise.Models\FourthExercise.Models.csproj", "{3414905D-5EAD-4851-A535-9BB69AFBB8C8}"
EndProject
Project("{FAE04EC0-301F-11D3-BF4B-00C04F79EFBC}") = "FourthExercise.DataServices", "FourthExercise.DataServices\FourthExercise.DataServices.csproj", "{9156F42D-7223-4B8B-B2C2-BB1B1C28065F}"
EndProject
Project("{FAE04EC0-301F-11D3-BF4B-00C04F79EFBC}") = "FourthExercise.DataServices.Entity", "FourthExercise.DataServices.Entity\FourthExercise.DataServices.Entity.csproj", "{2F9FEC6D-52D9-4BBC-AF49-B35FDBC75BA7}"
EndProject
Global
	GlobalSection(SolutionConfigurationPlatforms) = preSolution
		Debug|Any CPU = Debug|Any CPU
		Release|Any CPU = Release|Any CPU
	EndGlobalSection
	GlobalSection(ProjectConfigurationPlatforms) = postSolution
		{613701F5-61FD-4D1F-9959-E08FDCD0618B}.Debug|Any CPU.ActiveCfg = Debug|Any CPU
		{613701F5-61FD-4D1F-9959-E08FDCD0618B}.Debug|Any CPU.Build.0 = Debug|Any CPU
		{613701F5-61FD-4D1F-9959-E08FDCD0618B}.Release|Any CPU.ActiveCfg = Release|Any CPU
		{613701F5-61FD-4D1F-9959-E08FDCD0618B}.Release|Any CPU.Build.0 = Release|Any CPU
		{3414905D-5EAD-4851-A535-9BB69AFBB8C8}.Debug|Any CPU.ActiveCfg = Debug|Any CPU
		{3414905D-5EAD-4851-A535-9BB69AFBB8C8}.Debug|Any CPU.Build.0 = Debug|Any CPU
		{3414905D-5EAD-4851-A535-9BB69AFBB8C8}.Release|Any CPU.ActiveCfg = Release|Any CPU
		{3414905D-5EAD-4851-A535-9BB69AFBB8C8}.Release|Any CPU.Build.0 = Release|Any CPU
		{9156F42D-7223-4B8B-B2C2-BB1B1C28065F}.Debug|Any CPU.ActiveCfg = Debug|Any CPU
		{9156F42D-7223-4B8B-B2C2-BB1B1C28065F}.Debug|Any CPU.Build.0 = Debug|Any CPU
		{9156F42D-7223-4B8B-B2C2-BB1B1C28065F}.Release|Any CPU.ActiveCfg = Release|Any CPU
		{9156F42D-7223-4B8B-B2C2-BB1B1C28065F}.Release|Any CPU.Build.0 = Release|Any CPU
		{2F9FEC6D-52D9-4BBC-AF49-B35FDBC75BA7}.Debug|Any CPU.ActiveCfg = Debug|Any CPU
		{2F9FEC6D-52D9-4BBC-AF49-B35FDBC75BA7}.Debug|Any CPU.Build.0 = Debug|Any CPU
		{2F9FEC6D-52D9-4BBC-AF49-B35FDBC75BA7}.Release|Any CPU.ActiveCfg = Release|Any CPU
		{2F9FEC6D-52D9-4BBC-AF49-B35FDBC75BA7}.Release|Any CPU.Build.0 = Release|Any CPU
	EndGlobalSection
	GlobalSection(SolutionProperties) = preSolution
		HideSolutionNode = FALSE
	EndGlobalSection
EndGlobal
